// !$*UTF8*$!
{
	archiveVersion = 1;
	classes = {
	};
	objectVersion = 50;
	objects = {

/* Begin PBXBuildFile section */
		691AAD032486EE6D003B5A55 /* ExtensionFitCell.swift in Sources */ = {isa = PBXBuildFile; fileRef = 691AAD022486EE6D003B5A55 /* ExtensionFitCell.swift */; };
		6959BD5E2484FF0500DD495D /* DeckEditingViewController.swift in Sources */ = {isa = PBXBuildFile; fileRef = 6959BD5D2484FF0500DD495D /* DeckEditingViewController.swift */; };
		6959BD60248515EB00DD495D /* NavigationController.swift in Sources */ = {isa = PBXBuildFile; fileRef = 6959BD5F248515EB00DD495D /* NavigationController.swift */; };
		6959BD6224854FC900DD495D /* ViewDelegate.swift in Sources */ = {isa = PBXBuildFile; fileRef = 6959BD6124854FC900DD495D /* ViewDelegate.swift */; };
		696AEBD9247FBB7400B2DFC8 /* AppDelegate.swift in Sources */ = {isa = PBXBuildFile; fileRef = 696AEBD8247FBB7400B2DFC8 /* AppDelegate.swift */; };
		696AEBDB247FBB7400B2DFC8 /* SceneDelegate.swift in Sources */ = {isa = PBXBuildFile; fileRef = 696AEBDA247FBB7400B2DFC8 /* SceneDelegate.swift */; };
		696AEBDD247FBB7400B2DFC8 /* RootViewController.swift in Sources */ = {isa = PBXBuildFile; fileRef = 696AEBDC247FBB7400B2DFC8 /* RootViewController.swift */; };
		696AEBE3247FBB7500B2DFC8 /* DeckBuildCardGame.xcdatamodeld in Sources */ = {isa = PBXBuildFile; fileRef = 696AEBE1247FBB7500B2DFC8 /* DeckBuildCardGame.xcdatamodeld */; };
		696AEBE5247FBB7800B2DFC8 /* Assets.xcassets in Resources */ = {isa = PBXBuildFile; fileRef = 696AEBE4247FBB7800B2DFC8 /* Assets.xcassets */; };
		696AEBE8247FBB7800B2DFC8 /* LaunchScreen.storyboard in Resources */ = {isa = PBXBuildFile; fileRef = 696AEBE6247FBB7800B2DFC8 /* LaunchScreen.storyboard */; };
		696AEBF3247FBB7800B2DFC8 /* DeckBuildCardGameTests.swift in Sources */ = {isa = PBXBuildFile; fileRef = 696AEBF2247FBB7800B2DFC8 /* DeckBuildCardGameTests.swift */; };
		696AEBFE247FBB7800B2DFC8 /* DeckBuildCardGameUITests.swift in Sources */ = {isa = PBXBuildFile; fileRef = 696AEBFD247FBB7800B2DFC8 /* DeckBuildCardGameUITests.swift */; };
		696DDA9F2484E90300F71BFF /* Localizable.strings in Resources */ = {isa = PBXBuildFile; fileRef = 696DDAA12484E90300F71BFF /* Localizable.strings */; };
/* End PBXBuildFile section */

/* Begin PBXContainerItemProxy section */
		696AEBEF247FBB7800B2DFC8 /* PBXContainerItemProxy */ = {
			isa = PBXContainerItemProxy;
			containerPortal = 696AEBCD247FBB7400B2DFC8 /* Project object */;
			proxyType = 1;
			remoteGlobalIDString = 696AEBD4247FBB7400B2DFC8;
			remoteInfo = DeckBuildCardGame;
		};
		696AEBFA247FBB7800B2DFC8 /* PBXContainerItemProxy */ = {
			isa = PBXContainerItemProxy;
			containerPortal = 696AEBCD247FBB7400B2DFC8 /* Project object */;
			proxyType = 1;
			remoteGlobalIDString = 696AEBD4247FBB7400B2DFC8;
			remoteInfo = DeckBuildCardGame;
		};
/* End PBXContainerItemProxy section */

/* Begin PBXFileReference section */
		691AAD022486EE6D003B5A55 /* ExtensionFitCell.swift */ = {isa = PBXFileReference; lastKnownFileType = sourcecode.swift; path = ExtensionFitCell.swift; sourceTree = "<group>"; };
		6959BD5D2484FF0500DD495D /* DeckEditingViewController.swift */ = {isa = PBXFileReference; lastKnownFileType = sourcecode.swift; path = DeckEditingViewController.swift; sourceTree = "<group>"; };
		6959BD5F248515EB00DD495D /* NavigationController.swift */ = {isa = PBXFileReference; lastKnownFileType = sourcecode.swift; path = NavigationController.swift; sourceTree = "<group>"; };
		6959BD6124854FC900DD495D /* ViewDelegate.swift */ = {isa = PBXFileReference; lastKnownFileType = sourcecode.swift; path = ViewDelegate.swift; sourceTree = "<group>"; };
		696AEBD5247FBB7400B2DFC8 /* DeckBuildCardGame.app */ = {isa = PBXFileReference; explicitFileType = wrapper.application; includeInIndex = 0; path = DeckBuildCardGame.app; sourceTree = BUILT_PRODUCTS_DIR; };
		696AEBD8247FBB7400B2DFC8 /* AppDelegate.swift */ = {isa = PBXFileReference; lastKnownFileType = sourcecode.swift; path = AppDelegate.swift; sourceTree = "<group>"; };
		696AEBDA247FBB7400B2DFC8 /* SceneDelegate.swift */ = {isa = PBXFileReference; lastKnownFileType = sourcecode.swift; path = SceneDelegate.swift; sourceTree = "<group>"; };
		696AEBDC247FBB7400B2DFC8 /* RootViewController.swift */ = {isa = PBXFileReference; lastKnownFileType = sourcecode.swift; path = RootViewController.swift; sourceTree = "<group>"; };
		696AEBE2247FBB7500B2DFC8 /* DeckBuildCardGame.xcdatamodel */ = {isa = PBXFileReference; lastKnownFileType = wrapper.xcdatamodel; path = DeckBuildCardGame.xcdatamodel; sourceTree = "<group>"; };
		696AEBE4247FBB7800B2DFC8 /* Assets.xcassets */ = {isa = PBXFileReference; lastKnownFileType = folder.assetcatalog; path = Assets.xcassets; sourceTree = "<group>"; };
		696AEBE7247FBB7800B2DFC8 /* Base */ = {isa = PBXFileReference; lastKnownFileType = file.storyboard; name = Base; path = Base.lproj/LaunchScreen.storyboard; sourceTree = "<group>"; };
		696AEBE9247FBB7800B2DFC8 /* Info.plist */ = {isa = PBXFileReference; lastKnownFileType = text.plist.xml; path = Info.plist; sourceTree = "<group>"; };
		696AEBEE247FBB7800B2DFC8 /* DeckBuildCardGameTests.xctest */ = {isa = PBXFileReference; explicitFileType = wrapper.cfbundle; includeInIndex = 0; path = DeckBuildCardGameTests.xctest; sourceTree = BUILT_PRODUCTS_DIR; };
		696AEBF2247FBB7800B2DFC8 /* DeckBuildCardGameTests.swift */ = {isa = PBXFileReference; lastKnownFileType = sourcecode.swift; path = DeckBuildCardGameTests.swift; sourceTree = "<group>"; };
		696AEBF4247FBB7800B2DFC8 /* Info.plist */ = {isa = PBXFileReference; lastKnownFileType = text.plist.xml; path = Info.plist; sourceTree = "<group>"; };
		696AEBF9247FBB7800B2DFC8 /* DeckBuildCardGameUITests.xctest */ = {isa = PBXFileReference; explicitFileType = wrapper.cfbundle; includeInIndex = 0; path = DeckBuildCardGameUITests.xctest; sourceTree = BUILT_PRODUCTS_DIR; };
		696AEBFD247FBB7800B2DFC8 /* DeckBuildCardGameUITests.swift */ = {isa = PBXFileReference; lastKnownFileType = sourcecode.swift; path = DeckBuildCardGameUITests.swift; sourceTree = "<group>"; };
		696AEBFF247FBB7800B2DFC8 /* Info.plist */ = {isa = PBXFileReference; lastKnownFileType = text.plist.xml; path = Info.plist; sourceTree = "<group>"; };
		696DDAA02484E90300F71BFF /* ja */ = {isa = PBXFileReference; lastKnownFileType = text.plist.strings; name = ja; path = ja.lproj/Localizable.strings; sourceTree = "<group>"; };
		696DDAA22484E91100F71BFF /* en */ = {isa = PBXFileReference; lastKnownFileType = text.plist.strings; name = en; path = en.lproj/Localizable.strings; sourceTree = "<group>"; };
/* End PBXFileReference section */

/* Begin PBXFrameworksBuildPhase section */
		696AEBD2247FBB7400B2DFC8 /* Frameworks */ = {
			isa = PBXFrameworksBuildPhase;
			buildActionMask = 2147483647;
			files = (
			);
			runOnlyForDeploymentPostprocessing = 0;
		};
		696AEBEB247FBB7800B2DFC8 /* Frameworks */ = {
			isa = PBXFrameworksBuildPhase;
			buildActionMask = 2147483647;
			files = (
			);
			runOnlyForDeploymentPostprocessing = 0;
		};
		696AEBF6247FBB7800B2DFC8 /* Frameworks */ = {
			isa = PBXFrameworksBuildPhase;
			buildActionMask = 2147483647;
			files = (
			);
			runOnlyForDeploymentPostprocessing = 0;
		};
/* End PBXFrameworksBuildPhase section */

/* Begin PBXGroup section */
		6959BD5C2484FCB100DD495D /* View */ = {
			isa = PBXGroup;
			children = (
				6959BD5F248515EB00DD495D /* NavigationController.swift */,
				696AEBDC247FBB7400B2DFC8 /* RootViewController.swift */,
				6959BD5D2484FF0500DD495D /* DeckEditingViewController.swift */,
				6959BD6124854FC900DD495D /* ViewDelegate.swift */,
				691AAD022486EE6D003B5A55 /* ExtensionFitCell.swift */,
			);
			path = View;
			sourceTree = "<group>";
		};
		696AEBCC247FBB7400B2DFC8 = {
			isa = PBXGroup;
			children = (
				696AEBD7247FBB7400B2DFC8 /* DeckBuildCardGame */,
				696AEBF1247FBB7800B2DFC8 /* DeckBuildCardGameTests */,
				696AEBFC247FBB7800B2DFC8 /* DeckBuildCardGameUITests */,
				696DDA9C2484E82F00F71BFF /* Localizations */,
				696AEBD6247FBB7400B2DFC8 /* Products */,
			);
			sourceTree = "<group>";
		};
		696AEBD6247FBB7400B2DFC8 /* Products */ = {
			isa = PBXGroup;
			children = (
				696AEBD5247FBB7400B2DFC8 /* DeckBuildCardGame.app */,
				696AEBEE247FBB7800B2DFC8 /* DeckBuildCardGameTests.xctest */,
				696AEBF9247FBB7800B2DFC8 /* DeckBuildCardGameUITests.xctest */,
			);
			name = Products;
			sourceTree = "<group>";
		};
		696AEBD7247FBB7400B2DFC8 /* DeckBuildCardGame */ = {
			isa = PBXGroup;
			children = (
				6959BD5C2484FCB100DD495D /* View */,
				696AEBD8247FBB7400B2DFC8 /* AppDelegate.swift */,
				696AEBDA247FBB7400B2DFC8 /* SceneDelegate.swift */,
				696AEBE4247FBB7800B2DFC8 /* Assets.xcassets */,
				696AEBE6247FBB7800B2DFC8 /* LaunchScreen.storyboard */,
				696AEBE9247FBB7800B2DFC8 /* Info.plist */,
				696AEBE1247FBB7500B2DFC8 /* DeckBuildCardGame.xcdatamodeld */,
			);
			path = DeckBuildCardGame;
			sourceTree = "<group>";
		};
		696AEBF1247FBB7800B2DFC8 /* DeckBuildCardGameTests */ = {
			isa = PBXGroup;
			children = (
				696AEBF2247FBB7800B2DFC8 /* DeckBuildCardGameTests.swift */,
				696AEBF4247FBB7800B2DFC8 /* Info.plist */,
			);
			path = DeckBuildCardGameTests;
			sourceTree = "<group>";
		};
		696AEBFC247FBB7800B2DFC8 /* DeckBuildCardGameUITests */ = {
			isa = PBXGroup;
			children = (
				696AEBFD247FBB7800B2DFC8 /* DeckBuildCardGameUITests.swift */,
				696AEBFF247FBB7800B2DFC8 /* Info.plist */,
			);
			path = DeckBuildCardGameUITests;
			sourceTree = "<group>";
		};
		696DDA9C2484E82F00F71BFF /* Localizations */ = {
			isa = PBXGroup;
			children = (
				696DDAA12484E90300F71BFF /* Localizable.strings */,
			);
			path = Localizations;
			sourceTree = "<group>";
		};
/* End PBXGroup section */

/* Begin PBXNativeTarget section */
		696AEBD4247FBB7400B2DFC8 /* DeckBuildCardGame */ = {
			isa = PBXNativeTarget;
			buildConfigurationList = 696AEC02247FBB7800B2DFC8 /* Build configuration list for PBXNativeTarget "DeckBuildCardGame" */;
			buildPhases = (
				696AEBD1247FBB7400B2DFC8 /* Sources */,
				696AEBD2247FBB7400B2DFC8 /* Frameworks */,
				696AEBD3247FBB7400B2DFC8 /* Resources */,
			);
			buildRules = (
			);
			dependencies = (
			);
			name = DeckBuildCardGame;
			productName = DeckBuildCardGame;
			productReference = 696AEBD5247FBB7400B2DFC8 /* DeckBuildCardGame.app */;
			productType = "com.apple.product-type.application";
		};
		696AEBED247FBB7800B2DFC8 /* DeckBuildCardGameTests */ = {
			isa = PBXNativeTarget;
			buildConfigurationList = 696AEC05247FBB7800B2DFC8 /* Build configuration list for PBXNativeTarget "DeckBuildCardGameTests" */;
			buildPhases = (
				696AEBEA247FBB7800B2DFC8 /* Sources */,
				696AEBEB247FBB7800B2DFC8 /* Frameworks */,
				696AEBEC247FBB7800B2DFC8 /* Resources */,
			);
			buildRules = (
			);
			dependencies = (
				696AEBF0247FBB7800B2DFC8 /* PBXTargetDependency */,
			);
			name = DeckBuildCardGameTests;
			productName = DeckBuildCardGameTests;
			productReference = 696AEBEE247FBB7800B2DFC8 /* DeckBuildCardGameTests.xctest */;
			productType = "com.apple.product-type.bundle.unit-test";
		};
		696AEBF8247FBB7800B2DFC8 /* DeckBuildCardGameUITests */ = {
			isa = PBXNativeTarget;
			buildConfigurationList = 696AEC08247FBB7800B2DFC8 /* Build configuration list for PBXNativeTarget "DeckBuildCardGameUITests" */;
			buildPhases = (
				696AEBF5247FBB7800B2DFC8 /* Sources */,
				696AEBF6247FBB7800B2DFC8 /* Frameworks */,
				696AEBF7247FBB7800B2DFC8 /* Resources */,
			);
			buildRules = (
			);
			dependencies = (
				696AEBFB247FBB7800B2DFC8 /* PBXTargetDependency */,
			);
			name = DeckBuildCardGameUITests;
			productName = DeckBuildCardGameUITests;
			productReference = 696AEBF9247FBB7800B2DFC8 /* DeckBuildCardGameUITests.xctest */;
			productType = "com.apple.product-type.bundle.ui-testing";
		};
/* End PBXNativeTarget section */

/* Begin PBXProject section */
		696AEBCD247FBB7400B2DFC8 /* Project object */ = {
			isa = PBXProject;
			attributes = {
				LastSwiftUpdateCheck = 1150;
				LastUpgradeCheck = 1150;
				ORGANIZATIONNAME = none;
				TargetAttributes = {
					696AEBD4247FBB7400B2DFC8 = {
						CreatedOnToolsVersion = 11.5;
					};
					696AEBED247FBB7800B2DFC8 = {
						CreatedOnToolsVersion = 11.5;
						TestTargetID = 696AEBD4247FBB7400B2DFC8;
					};
					696AEBF8247FBB7800B2DFC8 = {
						CreatedOnToolsVersion = 11.5;
						TestTargetID = 696AEBD4247FBB7400B2DFC8;
					};
				};
			};
			buildConfigurationList = 696AEBD0247FBB7400B2DFC8 /* Build configuration list for PBXProject "DeckBuildCardGame" */;
			compatibilityVersion = "Xcode 9.3";
			developmentRegion = en;
			hasScannedForEncodings = 0;
			knownRegions = (
				en,
				Base,
				ja,
			);
			mainGroup = 696AEBCC247FBB7400B2DFC8;
			productRefGroup = 696AEBD6247FBB7400B2DFC8 /* Products */;
			projectDirPath = "";
			projectRoot = "";
			targets = (
				696AEBD4247FBB7400B2DFC8 /* DeckBuildCardGame */,
				696AEBED247FBB7800B2DFC8 /* DeckBuildCardGameTests */,
				696AEBF8247FBB7800B2DFC8 /* DeckBuildCardGameUITests */,
			);
		};
/* End PBXProject section */

/* Begin PBXResourcesBuildPhase section */
		696AEBD3247FBB7400B2DFC8 /* Resources */ = {
			isa = PBXResourcesBuildPhase;
			buildActionMask = 2147483647;
			files = (
				696AEBE8247FBB7800B2DFC8 /* LaunchScreen.storyboard in Resources */,
				696AEBE5247FBB7800B2DFC8 /* Assets.xcassets in Resources */,
				696DDA9F2484E90300F71BFF /* Localizable.strings in Resources */,
			);
			runOnlyForDeploymentPostprocessing = 0;
		};
		696AEBEC247FBB7800B2DFC8 /* Resources */ = {
			isa = PBXResourcesBuildPhase;
			buildActionMask = 2147483647;
			files = (
			);
			runOnlyForDeploymentPostprocessing = 0;
		};
		696AEBF7247FBB7800B2DFC8 /* Resources */ = {
			isa = PBXResourcesBuildPhase;
			buildActionMask = 2147483647;
			files = (
			);
			runOnlyForDeploymentPostprocessing = 0;
		};
/* End PBXResourcesBuildPhase section */

/* Begin PBXSourcesBuildPhase section */
		696AEBD1247FBB7400B2DFC8 /* Sources */ = {
			isa = PBXSourcesBuildPhase;
			buildActionMask = 2147483647;
			files = (
				696AEBDD247FBB7400B2DFC8 /* RootViewController.swift in Sources */,
				6959BD60248515EB00DD495D /* NavigationController.swift in Sources */,
				6959BD5E2484FF0500DD495D /* DeckEditingViewController.swift in Sources */,
				6959BD6224854FC900DD495D /* ViewDelegate.swift in Sources */,
				696AEBE3247FBB7500B2DFC8 /* DeckBuildCardGame.xcdatamodeld in Sources */,
				696AEBD9247FBB7400B2DFC8 /* AppDelegate.swift in Sources */,
				696AEBDB247FBB7400B2DFC8 /* SceneDelegate.swift in Sources */,
				691AAD032486EE6D003B5A55 /* ExtensionFitCell.swift in Sources */,
			);
			runOnlyForDeploymentPostprocessing = 0;
		};
		696AEBEA247FBB7800B2DFC8 /* Sources */ = {
			isa = PBXSourcesBuildPhase;
			buildActionMask = 2147483647;
			files = (
				696AEBF3247FBB7800B2DFC8 /* DeckBuildCardGameTests.swift in Sources */,
			);
			runOnlyForDeploymentPostprocessing = 0;
		};
		696AEBF5247FBB7800B2DFC8 /* Sources */ = {
			isa = PBXSourcesBuildPhase;
			buildActionMask = 2147483647;
			files = (
				696AEBFE247FBB7800B2DFC8 /* DeckBuildCardGameUITests.swift in Sources */,
			);
			runOnlyForDeploymentPostprocessing = 0;
		};
/* End PBXSourcesBuildPhase section */

/* Begin PBXTargetDependency section */
		696AEBF0247FBB7800B2DFC8 /* PBXTargetDependency */ = {
			isa = PBXTargetDependency;
			target = 696AEBD4247FBB7400B2DFC8 /* DeckBuildCardGame */;
			targetProxy = 696AEBEF247FBB7800B2DFC8 /* PBXContainerItemProxy */;
		};
		696AEBFB247FBB7800B2DFC8 /* PBXTargetDependency */ = {
			isa = PBXTargetDependency;
			target = 696AEBD4247FBB7400B2DFC8 /* DeckBuildCardGame */;
			targetProxy = 696AEBFA247FBB7800B2DFC8 /* PBXContainerItemProxy */;
		};
/* End PBXTargetDependency section */

/* Begin PBXVariantGroup section */
		696AEBE6247FBB7800B2DFC8 /* LaunchScreen.storyboard */ = {
			isa = PBXVariantGroup;
			children = (
				696AEBE7247FBB7800B2DFC8 /* Base */,
			);
			name = LaunchScreen.storyboard;
			sourceTree = "<group>";
		};
		696DDAA12484E90300F71BFF /* Localizable.strings */ = {
			isa = PBXVariantGroup;
			children = (
				696DDAA02484E90300F71BFF /* ja */,
				696DDAA22484E91100F71BFF /* en */,
			);
			name = Localizable.strings;
			sourceTree = "<group>";
		};
/* End PBXVariantGroup section */

/* Begin XCBuildConfiguration section */
		696AEC00247FBB7800B2DFC8 /* Debug */ = {
			isa = XCBuildConfiguration;
			buildSettings = {
				ALWAYS_SEARCH_USER_PATHS = NO;
				CLANG_ANALYZER_LOCALIZABILITY_NONLOCALIZED = YES;
				CLANG_ANALYZER_NONNULL = YES;
				CLANG_ANALYZER_NUMBER_OBJECT_CONVERSION = YES_AGGRESSIVE;
				CLANG_CXX_LANGUAGE_STANDARD = "gnu++14";
				CLANG_CXX_LIBRARY = "libc++";
				CLANG_ENABLE_MODULES = YES;
				CLANG_ENABLE_OBJC_ARC = YES;
				CLANG_ENABLE_OBJC_WEAK = YES;
				CLANG_WARN_BLOCK_CAPTURE_AUTORELEASING = YES;
				CLANG_WARN_BOOL_CONVERSION = YES;
				CLANG_WARN_COMMA = YES;
				CLANG_WARN_CONSTANT_CONVERSION = YES;
				CLANG_WARN_DEPRECATED_OBJC_IMPLEMENTATIONS = YES;
				CLANG_WARN_DIRECT_OBJC_ISA_USAGE = YES_ERROR;
				CLANG_WARN_DOCUMENTATION_COMMENTS = YES;
				CLANG_WARN_EMPTY_BODY = YES;
				CLANG_WARN_ENUM_CONVERSION = YES;
				CLANG_WARN_INFINITE_RECURSION = YES;
				CLANG_WARN_INT_CONVERSION = YES;
				CLANG_WARN_NON_LITERAL_NULL_CONVERSION = YES;
				CLANG_WARN_OBJC_IMPLICIT_RETAIN_SELF = YES;
				CLANG_WARN_OBJC_LITERAL_CONVERSION = YES;
				CLANG_WARN_OBJC_ROOT_CLASS = YES_ERROR;
				CLANG_WARN_RANGE_LOOP_ANALYSIS = YES;
				CLANG_WARN_STRICT_PROTOTYPES = YES;
				CLANG_WARN_SUSPICIOUS_MOVE = YES;
				CLANG_WARN_UNGUARDED_AVAILABILITY = YES_AGGRESSIVE;
				CLANG_WARN_UNREACHABLE_CODE = YES;
				CLANG_WARN__DUPLICATE_METHOD_MATCH = YES;
				COPY_PHASE_STRIP = NO;
				DEBUG_INFORMATION_FORMAT = dwarf;
				ENABLE_STRICT_OBJC_MSGSEND = YES;
				ENABLE_TESTABILITY = YES;
				GCC_C_LANGUAGE_STANDARD = gnu11;
				GCC_DYNAMIC_NO_PIC = NO;
				GCC_NO_COMMON_BLOCKS = YES;
				GCC_OPTIMIZATION_LEVEL = 0;
				GCC_PREPROCESSOR_DEFINITIONS = (
					"DEBUG=1",
					"$(inherited)",
				);
				GCC_WARN_64_TO_32_BIT_CONVERSION = YES;
				GCC_WARN_ABOUT_RETURN_TYPE = YES_ERROR;
				GCC_WARN_UNDECLARED_SELECTOR = YES;
				GCC_WARN_UNINITIALIZED_AUTOS = YES_AGGRESSIVE;
				GCC_WARN_UNUSED_FUNCTION = YES;
				GCC_WARN_UNUSED_VARIABLE = YES;
				IPHONEOS_DEPLOYMENT_TARGET = 12.4;
				MTL_ENABLE_DEBUG_INFO = INCLUDE_SOURCE;
				MTL_FAST_MATH = YES;
				ONLY_ACTIVE_ARCH = YES;
				SDKROOT = iphoneos;
				SWIFT_ACTIVE_COMPILATION_CONDITIONS = DEBUG;
				SWIFT_OPTIMIZATION_LEVEL = "-Onone";
			};
			name = Debug;
		};
		696AEC01247FBB7800B2DFC8 /* Release */ = {
			isa = XCBuildConfiguration;
			buildSettings = {
				ALWAYS_SEARCH_USER_PATHS = NO;
				CLANG_ANALYZER_LOCALIZABILITY_NONLOCALIZED = YES;
				CLANG_ANALYZER_NONNULL = YES;
				CLANG_ANALYZER_NUMBER_OBJECT_CONVERSION = YES_AGGRESSIVE;
				CLANG_CXX_LANGUAGE_STANDARD = "gnu++14";
				CLANG_CXX_LIBRARY = "libc++";
				CLANG_ENABLE_MODULES = YES;
				CLANG_ENABLE_OBJC_ARC = YES;
				CLANG_ENABLE_OBJC_WEAK = YES;
				CLANG_WARN_BLOCK_CAPTURE_AUTORELEASING = YES;
				CLANG_WARN_BOOL_CONVERSION = YES;
				CLANG_WARN_COMMA = YES;
				CLANG_WARN_CONSTANT_CONVERSION = YES;
				CLANG_WARN_DEPRECATED_OBJC_IMPLEMENTATIONS = YES;
				CLANG_WARN_DIRECT_OBJC_ISA_USAGE = YES_ERROR;
				CLANG_WARN_DOCUMENTATION_COMMENTS = YES;
				CLANG_WARN_EMPTY_BODY = YES;
				CLANG_WARN_ENUM_CONVERSION = YES;
				CLANG_WARN_INFINITE_RECURSION = YES;
				CLANG_WARN_INT_CONVERSION = YES;
				CLANG_WARN_NON_LITERAL_NULL_CONVERSION = YES;
				CLANG_WARN_OBJC_IMPLICIT_RETAIN_SELF = YES;
				CLANG_WARN_OBJC_LITERAL_CONVERSION = YES;
				CLANG_WARN_OBJC_ROOT_CLASS = YES_ERROR;
				CLANG_WARN_RANGE_LOOP_ANALYSIS = YES;
				CLANG_WARN_STRICT_PROTOTYPES = YES;
				CLANG_WARN_SUSPICIOUS_MOVE = YES;
				CLANG_WARN_UNGUARDED_AVAILABILITY = YES_AGGRESSIVE;
				CLANG_WARN_UNREACHABLE_CODE = YES;
				CLANG_WARN__DUPLICATE_METHOD_MATCH = YES;
				COPY_PHASE_STRIP = NO;
				DEBUG_INFORMATION_FORMAT = "dwarf-with-dsym";
				ENABLE_NS_ASSERTIONS = NO;
				ENABLE_STRICT_OBJC_MSGSEND = YES;
				GCC_C_LANGUAGE_STANDARD = gnu11;
				GCC_NO_COMMON_BLOCKS = YES;
				GCC_WARN_64_TO_32_BIT_CONVERSION = YES;
				GCC_WARN_ABOUT_RETURN_TYPE = YES_ERROR;
				GCC_WARN_UNDECLARED_SELECTOR = YES;
				GCC_WARN_UNINITIALIZED_AUTOS = YES_AGGRESSIVE;
				GCC_WARN_UNUSED_FUNCTION = YES;
				GCC_WARN_UNUSED_VARIABLE = YES;
				IPHONEOS_DEPLOYMENT_TARGET = 12.4;
				MTL_ENABLE_DEBUG_INFO = NO;
				MTL_FAST_MATH = YES;
				SDKROOT = iphoneos;
				SWIFT_COMPILATION_MODE = wholemodule;
				SWIFT_OPTIMIZATION_LEVEL = "-O";
				VALIDATE_PRODUCT = YES;
			};
			name = Release;
		};
		696AEC03247FBB7800B2DFC8 /* Debug */ = {
			isa = XCBuildConfiguration;
			buildSettings = {
				ASSETCATALOG_COMPILER_APPICON_NAME = AppIcon;
				CODE_SIGN_STYLE = Automatic;
				DEVELOPMENT_TEAM = VH8T4TENKL;
				INFOPLIST_FILE = DeckBuildCardGame/Info.plist;
				LD_RUNPATH_SEARCH_PATHS = (
					"$(inherited)",
					"@executable_path/Frameworks",
				);
				PRODUCT_BUNDLE_IDENTIFIER = none.DeckBuildCardGame;
				PRODUCT_NAME = "$(TARGET_NAME)";
				SWIFT_VERSION = 5.0;
				TARGETED_DEVICE_FAMILY = "1,2";
			};
			name = Debug;
		};
		696AEC04247FBB7800B2DFC8 /* Release */ = {
			isa = XCBuildConfiguration;
			buildSettings = {
				ASSETCATALOG_COMPILER_APPICON_NAME = AppIcon;
				CODE_SIGN_STYLE = Automatic;
				DEVELOPMENT_TEAM = VH8T4TENKL;
				INFOPLIST_FILE = DeckBuildCardGame/Info.plist;
				LD_RUNPATH_SEARCH_PATHS = (
					"$(inherited)",
					"@executable_path/Frameworks",
				);
				PRODUCT_BUNDLE_IDENTIFIER = none.DeckBuildCardGame;
				PRODUCT_NAME = "$(TARGET_NAME)";
				SWIFT_VERSION = 5.0;
				TARGETED_DEVICE_FAMILY = "1,2";
			};
			name = Release;
		};
		696AEC06247FBB7800B2DFC8 /* Debug */ = {
			isa = XCBuildConfiguration;
			buildSettings = {
				ALWAYS_EMBED_SWIFT_STANDARD_LIBRARIES = YES;
				BUNDLE_LOADER = "$(TEST_HOST)";
				CODE_SIGN_STYLE = Automatic;
				DEVELOPMENT_TEAM = VH8T4TENKL;
				INFOPLIST_FILE = DeckBuildCardGameTests/Info.plist;
				IPHONEOS_DEPLOYMENT_TARGET = 13.5;
				LD_RUNPATH_SEARCH_PATHS = (
					"$(inherited)",
					"@executable_path/Frameworks",
					"@loader_path/Frameworks",
				);
				PRODUCT_BUNDLE_IDENTIFIER = none.DeckBuildCardGameTests;
				PRODUCT_NAME = "$(TARGET_NAME)";
				SWIFT_VERSION = 5.0;
				TARGETED_DEVICE_FAMILY = "1,2";
				TEST_HOST = "$(BUILT_PRODUCTS_DIR)/DeckBuildCardGame.app/DeckBuildCardGame";
			};
			name = Debug;
		};
		696AEC07247FBB7800B2DFC8 /* Release */ = {
			isa = XCBuildConfiguration;
			buildSettings = {
				ALWAYS_EMBED_SWIFT_STANDARD_LIBRARIES = YES;
				BUNDLE_LOADER = "$(TEST_HOST)";
				CODE_SIGN_STYLE = Automatic;
				DEVELOPMENT_TEAM = VH8T4TENKL;
				INFOPLIST_FILE = DeckBuildCardGameTests/Info.plist;
				IPHONEOS_DEPLOYMENT_TARGET = 13.5;
				LD_RUNPATH_SEARCH_PATHS = (
					"$(inherited)",
					"@executable_path/Frameworks",
					"@loader_path/Frameworks",
				);
				PRODUCT_BUNDLE_IDENTIFIER = none.DeckBuildCardGameTests;
				PRODUCT_NAME = "$(TARGET_NAME)";
				SWIFT_VERSION = 5.0;
				TARGETED_DEVICE_FAMILY = "1,2";
				TEST_HOST = "$(BUILT_PRODUCTS_DIR)/DeckBuildCardGame.app/DeckBuildCardGame";
			};
			name = Release;
		};
		696AEC09247FBB7800B2DFC8 /* Debug */ = {
			isa = XCBuildConfiguration;
			buildSettings = {
				ALWAYS_EMBED_SWIFT_STANDARD_LIBRARIES = YES;
				CODE_SIGN_STYLE = Automatic;
				DEVELOPMENT_TEAM = VH8T4TENKL;
				INFOPLIST_FILE = DeckBuildCardGameUITests/Info.plist;
				LD_RUNPATH_SEARCH_PATHS = (
					"$(inherited)",
					"@executable_path/Frameworks",
					"@loader_path/Frameworks",
				);
				PRODUCT_BUNDLE_IDENTIFIER = none.DeckBuildCardGameUITests;
				PRODUCT_NAME = "$(TARGET_NAME)";
				SWIFT_VERSION = 5.0;
				TARGETED_DEVICE_FAMILY = "1,2";
				TEST_TARGET_NAME = DeckBuildCardGame;
			};
			name = Debug;
		};
		696AEC0A247FBB7800B2DFC8 /* Release */ = {
			isa = XCBuildConfiguration;
			buildSettings = {
				ALWAYS_EMBED_SWIFT_STANDARD_LIBRARIES = YES;
				CODE_SIGN_STYLE = Automatic;
				DEVELOPMENT_TEAM = VH8T4TENKL;
				INFOPLIST_FILE = DeckBuildCardGameUITests/Info.plist;
				LD_RUNPATH_SEARCH_PATHS = (
					"$(inherited)",
					"@executable_path/Frameworks",
					"@loader_path/Frameworks",
				);
				PRODUCT_BUNDLE_IDENTIFIER = none.DeckBuildCardGameUITests;
				PRODUCT_NAME = "$(TARGET_NAME)";
				SWIFT_VERSION = 5.0;
				TARGETED_DEVICE_FAMILY = "1,2";
				TEST_TARGET_NAME = DeckBuildCardGame;
			};
			name = Release;
		};
/* End XCBuildConfiguration section */

/* Begin XCConfigurationList section */
		696AEBD0247FBB7400B2DFC8 /* Build configuration list for PBXProject "DeckBuildCardGame" */ = {
			isa = XCConfigurationList;
			buildConfigurations = (
				696AEC00247FBB7800B2DFC8 /* Debug */,
				696AEC01247FBB7800B2DFC8 /* Release */,
			);
			defaultConfigurationIsVisible = 0;
			defaultConfigurationName = Release;
		};
		696AEC02247FBB7800B2DFC8 /* Build configuration list for PBXNativeTarget "DeckBuildCardGame" */ = {
			isa = XCConfigurationList;
			buildConfigurations = (
				696AEC03247FBB7800B2DFC8 /* Debug */,
				696AEC04247FBB7800B2DFC8 /* Release */,
			);
			defaultConfigurationIsVisible = 0;
			defaultConfigurationName = Release;
		};
		696AEC05247FBB7800B2DFC8 /* Build configuration list for PBXNativeTarget "DeckBuildCardGameTests" */ = {
			isa = XCConfigurationList;
			buildConfigurations = (
				696AEC06247FBB7800B2DFC8 /* Debug */,
				696AEC07247FBB7800B2DFC8 /* Release */,
			);
			defaultConfigurationIsVisible = 0;
			defaultConfigurationName = Release;
		};
		696AEC08247FBB7800B2DFC8 /* Build configuration list for PBXNativeTarget "DeckBuildCardGameUITests" */ = {
			isa = XCConfigurationList;
			buildConfigurations = (
				696AEC09247FBB7800B2DFC8 /* Debug */,
				696AEC0A247FBB7800B2DFC8 /* Release */,
			);
			defaultConfigurationIsVisible = 0;
			defaultConfigurationName = Release;
		};
/* End XCConfigurationList section */

/* Begin XCVersionGroup section */
		696AEBE1247FBB7500B2DFC8 /* DeckBuildCardGame.xcdatamodeld */ = {
			isa = XCVersionGroup;
			children = (
				696AEBE2247FBB7500B2DFC8 /* DeckBuildCardGame.xcdatamodel */,
			);
			currentVersion = 696AEBE2247FBB7500B2DFC8 /* DeckBuildCardGame.xcdatamodel */;
			path = DeckBuildCardGame.xcdatamodeld;
			sourceTree = "<group>";
			versionGroupType = wrapper.xcdatamodel;
		};
/* End XCVersionGroup section */
	};
	rootObject = 696AEBCD247FBB7400B2DFC8 /* Project object */;
}
